{
    "_meta": {
        "hash": {
            "sha256": "ba1f312fb3a99e3baaf536bb16903c05cb729d8d3643ffae587f3821a5edfab9"
        },
        "pipfile-spec": 6,
        "requires": {
            "python_version": "3.8"
        },
        "sources": [
            {
                "name": "pypi",
                "url": "https://pypi.org/simple",
                "verify_ssl": true
            }
        ]
    },
    "default": {
        "humanize": {
            "hashes": [
                "sha256:b53caaec8532bcb2fff70c8826f904c35943f8cecaca29d272d9df38092736c0",
                "sha256:e66f36020a2d5a974c504bd2555cf770621dbdbb6d82f94a6857c0b1ea2608be"
            ],
            "index": "pypi",
            "markers": "python_version >= '3.9'",
            "version": "==4.11.0"
        },
        "vdf": {
            "hashes": [
                "sha256:68c1a125cc49e343d535af2dd25074e9cb0908c6607f073947c4a04bbe234534",
                "sha256:fd5419f41e07a1009e5ffd027c7dcbe43d1f7e8ef453aeaa90d9d04b807de2af"
            ],
            "index": "pypi",
            "version": "==3.4"
        }
    },
    "develop": {}
}
